// !$*UTF8*$!
{
	archiveVersion = 1;
	classes = {
	};
	objectVersion = 46;
	objects = {

/* Begin PBXBuildFile section */
		1B0B9E001D3ED35600022227 /* Pokemon.swift in Sources */ = {isa = PBXBuildFile; fileRef = 1B0B9DFF1D3ED35600022227 /* Pokemon.swift */; };
		1B0B9E021D3EDB6A00022227 /* pokemonCellVC.swift in Sources */ = {isa = PBXBuildFile; fileRef = 1B0B9E011D3EDB6A00022227 /* pokemonCellVC.swift */; };
		1B0B9E051D3EDE5D00022227 /* DataService.swift in Sources */ = {isa = PBXBuildFile; fileRef = 1B0B9E041D3EDE5D00022227 /* DataService.swift */; };
		1B0B9E091D3EE59400022227 /* CSV.swift in Sources */ = {isa = PBXBuildFile; fileRef = 1B0B9E081D3EE59400022227 /* CSV.swift */; };
		1B0B9E111D3EEEC700022227 /* pokemon.csv in Resources */ = {isa = PBXBuildFile; fileRef = 1B0B9E101D3EEEC700022227 /* pokemon.csv */; };
		1B0B9E141D3EF52500022227 /* sound.mp3 in Resources */ = {isa = PBXBuildFile; fileRef = 1B0B9E131D3EF52500022227 /* sound.mp3 */; };
		1B7D55B21D3EBF87002F2DF4 /* AppDelegate.swift in Sources */ = {isa = PBXBuildFile; fileRef = 1B7D55B11D3EBF87002F2DF4 /* AppDelegate.swift */; };
		1B7D55B41D3EBF87002F2DF4 /* ViewController.swift in Sources */ = {isa = PBXBuildFile; fileRef = 1B7D55B31D3EBF87002F2DF4 /* ViewController.swift */; };
		1B7D55B71D3EBF87002F2DF4 /* Main.storyboard in Resources */ = {isa = PBXBuildFile; fileRef = 1B7D55B51D3EBF87002F2DF4 /* Main.storyboard */; };
		1B7D55B91D3EBF88002F2DF4 /* Assets.xcassets in Resources */ = {isa = PBXBuildFile; fileRef = 1B7D55B81D3EBF88002F2DF4 /* Assets.xcassets */; };
		1B7D55BC1D3EBF88002F2DF4 /* LaunchScreen.storyboard in Resources */ = {isa = PBXBuildFile; fileRef = 1B7D55BA1D3EBF88002F2DF4 /* LaunchScreen.storyboard */; };
		1BAF24E61D3FB44B003E970E /* detailsVC.swift in Sources */ = {isa = PBXBuildFile; fileRef = 1BAF24E51D3FB44B003E970E /* detailsVC.swift */; };
		1BAF24E71D3FBE32003E970E /* Pokemon.ttf in Resources */ = {isa = PBXBuildFile; fileRef = 1B0B9E121D3EF43400022227 /* Pokemon.ttf */; };
		1BAF24E81D3FBEBB003E970E /* Info.plist in Resources */ = {isa = PBXBuildFile; fileRef = 1B7D55BD1D3EBF88002F2DF4 /* Info.plist */; };
/* End PBXBuildFile section */

/* Begin PBXFileReference section */
		1B0B9DFF1D3ED35600022227 /* Pokemon.swift */ = {isa = PBXFileReference; fileEncoding = 4; lastKnownFileType = sourcecode.swift; path = Pokemon.swift; sourceTree = "<group>"; };
		1B0B9E011D3EDB6A00022227 /* pokemonCellVC.swift */ = {isa = PBXFileReference; fileEncoding = 4; lastKnownFileType = sourcecode.swift; path = pokemonCellVC.swift; sourceTree = "<group>"; };
		1B0B9E041D3EDE5D00022227 /* DataService.swift */ = {isa = PBXFileReference; fileEncoding = 4; lastKnownFileType = sourcecode.swift; path = DataService.swift; sourceTree = "<group>"; };
		1B0B9E081D3EE59400022227 /* CSV.swift */ = {isa = PBXFileReference; fileEncoding = 4; lastKnownFileType = sourcecode.swift; path = CSV.swift; sourceTree = "<group>"; };
		1B0B9E101D3EEEC700022227 /* pokemon.csv */ = {isa = PBXFileReference; fileEncoding = 4; lastKnownFileType = text; name = pokemon.csv; path = Base.lproj/Resources/pokemon.csv; sourceTree = "<group>"; };
		1B0B9E121D3EF43400022227 /* Pokemon.ttf */ = {isa = PBXFileReference; lastKnownFileType = file; path = Pokemon.ttf; sourceTree = "<group>"; };
		1B0B9E131D3EF52500022227 /* sound.mp3 */ = {isa = PBXFileReference; lastKnownFileType = audio.mp3; path = sound.mp3; sourceTree = "<group>"; };
		1B7D55AE1D3EBF85002F2DF4 /* pokemania.app */ = {isa = PBXFileReference; explicitFileType = wrapper.application; includeInIndex = 0; path = pokemania.app; sourceTree = BUILT_PRODUCTS_DIR; };
		1B7D55B11D3EBF87002F2DF4 /* AppDelegate.swift */ = {isa = PBXFileReference; lastKnownFileType = sourcecode.swift; path = AppDelegate.swift; sourceTree = "<group>"; };
		1B7D55B31D3EBF87002F2DF4 /* ViewController.swift */ = {isa = PBXFileReference; lastKnownFileType = sourcecode.swift; path = ViewController.swift; sourceTree = "<group>"; };
		1B7D55B61D3EBF87002F2DF4 /* Base */ = {isa = PBXFileReference; lastKnownFileType = file.storyboard; name = Base; path = Base.lproj/Main.storyboard; sourceTree = "<group>"; };
		1B7D55B81D3EBF88002F2DF4 /* Assets.xcassets */ = {isa = PBXFileReference; lastKnownFileType = folder.assetcatalog; path = Assets.xcassets; sourceTree = "<group>"; };
		1B7D55BB1D3EBF88002F2DF4 /* Base */ = {isa = PBXFileReference; lastKnownFileType = file.storyboard; name = Base; path = Base.lproj/LaunchScreen.storyboard; sourceTree = "<group>"; };
		1B7D55BD1D3EBF88002F2DF4 /* Info.plist */ = {isa = PBXFileReference; lastKnownFileType = text.plist.xml; path = Info.plist; sourceTree = "<group>"; };
		1BAF24E51D3FB44B003E970E /* detailsVC.swift */ = {isa = PBXFileReference; fileEncoding = 4; lastKnownFileType = sourcecode.swift; path = detailsVC.swift; sourceTree = "<group>"; };
/* End PBXFileReference section */

/* Begin PBXFrameworksBuildPhase section */
		1B7D55AB1D3EBF85002F2DF4 /* Frameworks */ = {
			isa = PBXFrameworksBuildPhase;
			buildActionMask = 2147483647;
			files = (
			);
			runOnlyForDeploymentPostprocessing = 0;
		};
/* End PBXFrameworksBuildPhase section */

/* Begin PBXGroup section */
		1B0B9DFC1D3ED32400022227 /* Model */ = {
			isa = PBXGroup;
			children = (
				1B0B9DFF1D3ED35600022227 /* Pokemon.swift */,
			);
			name = Model;
			sourceTree = "<group>";
		};
		1B0B9DFD1D3ED33100022227 /* View */ = {
			isa = PBXGroup;
			children = (
				1B7D55B51D3EBF87002F2DF4 /* Main.storyboard */,
				1B7D55BA1D3EBF88002F2DF4 /* LaunchScreen.storyboard */,
			);
			name = View;
			sourceTree = "<group>";
		};
		1B0B9DFE1D3ED33500022227 /* Controller */ = {
			isa = PBXGroup;
			children = (
				1B7D55B31D3EBF87002F2DF4 /* ViewController.swift */,
				1B0B9E011D3EDB6A00022227 /* pokemonCellVC.swift */,
				1BAF24E51D3FB44B003E970E /* detailsVC.swift */,
			);
			name = Controller;
			sourceTree = "<group>";
		};
		1B0B9E031D3EDE4D00022227 /* Service */ = {
			isa = PBXGroup;
			children = (
				1B0B9E041D3EDE5D00022227 /* DataService.swift */,
			);
			name = Service;
			sourceTree = "<group>";
		};
		1B0B9E061D3EE51500022227 /* Resources */ = {
			isa = PBXGroup;
			children = (
				1B0B9E131D3EF52500022227 /* sound.mp3 */,
				1B0B9E121D3EF43400022227 /* Pokemon.ttf */,
				1B0B9E101D3EEEC700022227 /* pokemon.csv */,
			);
			name = Resources;
			sourceTree = "<group>";
		};
		1B0B9E071D3EE58100022227 /* Util */ = {
			isa = PBXGroup;
			children = (
				1B0B9E081D3EE59400022227 /* CSV.swift */,
			);
			name = Util;
			sourceTree = "<group>";
		};
		1B7D55A51D3EBF85002F2DF4 = {
			isa = PBXGroup;
			children = (
				1B7D55B01D3EBF85002F2DF4 /* pokemania */,
				1B7D55AF1D3EBF85002F2DF4 /* Products */,
			);
			sourceTree = "<group>";
		};
		1B7D55AF1D3EBF85002F2DF4 /* Products */ = {
			isa = PBXGroup;
			children = (
				1B7D55AE1D3EBF85002F2DF4 /* pokemania.app */,
			);
			name = Products;
			sourceTree = "<group>";
		};
		1B7D55B01D3EBF85002F2DF4 /* pokemania */ = {
			isa = PBXGroup;
			children = (
				1B0B9E071D3EE58100022227 /* Util */,
				1B0B9E061D3EE51500022227 /* Resources */,
				1B0B9E031D3EDE4D00022227 /* Service */,
				1B0B9DFE1D3ED33500022227 /* Controller */,
				1B0B9DFD1D3ED33100022227 /* View */,
				1B0B9DFC1D3ED32400022227 /* Model */,
				1B7D55B11D3EBF87002F2DF4 /* AppDelegate.swift */,
				1B7D55B81D3EBF88002F2DF4 /* Assets.xcassets */,
				1B7D55BD1D3EBF88002F2DF4 /* Info.plist */,
			);
			path = pokemania;
			sourceTree = "<group>";
		};
/* End PBXGroup section */

/* Begin PBXNativeTarget section */
		1B7D55AD1D3EBF85002F2DF4 /* pokemania */ = {
			isa = PBXNativeTarget;
			buildConfigurationList = 1B7D55C01D3EBF88002F2DF4 /* Build configuration list for PBXNativeTarget "pokemania" */;
			buildPhases = (
				1B7D55AA1D3EBF85002F2DF4 /* Sources */,
				1B7D55AB1D3EBF85002F2DF4 /* Frameworks */,
				1B7D55AC1D3EBF85002F2DF4 /* Resources */,
			);
			buildRules = (
			);
			dependencies = (
			);
			name = pokemania;
			productName = pokemania;
			productReference = 1B7D55AE1D3EBF85002F2DF4 /* pokemania.app */;
			productType = "com.apple.product-type.application";
		};
/* End PBXNativeTarget section */

/* Begin PBXProject section */
		1B7D55A61D3EBF85002F2DF4 /* Project object */ = {
			isa = PBXProject;
			attributes = {
				LastSwiftUpdateCheck = 0800;
				LastUpgradeCheck = 0800;
				ORGANIZATIONNAME = "Jihad Badran";
				TargetAttributes = {
					1B7D55AD1D3EBF85002F2DF4 = {
						CreatedOnToolsVersion = 8.0;
						DevelopmentTeam = 8J538Y62SX;
						DevelopmentTeamName = "Jihad Badran (Personal Team)";
						ProvisioningStyle = Automatic;
					};
				};
			};
			buildConfigurationList = 1B7D55A91D3EBF85002F2DF4 /* Build configuration list for PBXProject "pokemania" */;
			compatibilityVersion = "Xcode 3.2";
			developmentRegion = English;
			hasScannedForEncodings = 0;
			knownRegions = (
				en,
				Base,
			);
			mainGroup = 1B7D55A51D3EBF85002F2DF4;
			productRefGroup = 1B7D55AF1D3EBF85002F2DF4 /* Products */;
			projectDirPath = "";
			projectRoot = "";
			targets = (
				1B7D55AD1D3EBF85002F2DF4 /* pokemania */,
			);
		};
/* End PBXProject section */

/* Begin PBXResourcesBuildPhase section */
		1B7D55AC1D3EBF85002F2DF4 /* Resources */ = {
			isa = PBXResourcesBuildPhase;
			buildActionMask = 2147483647;
			files = (
				1B0B9E141D3EF52500022227 /* sound.mp3 in Resources */,
				1B7D55BC1D3EBF88002F2DF4 /* LaunchScreen.storyboard in Resources */,
				1B7D55B91D3EBF88002F2DF4 /* Assets.xcassets in Resources */,
				1B7D55B71D3EBF87002F2DF4 /* Main.storyboard in Resources */,
				1BAF24E71D3FBE32003E970E /* Pokemon.ttf in Resources */,
				1B0B9E111D3EEEC700022227 /* pokemon.csv in Resources */,
				1BAF24E81D3FBEBB003E970E /* Info.plist in Resources */,
			);
			runOnlyForDeploymentPostprocessing = 0;
		};
/* End PBXResourcesBuildPhase section */

/* Begin PBXSourcesBuildPhase section */
		1B7D55AA1D3EBF85002F2DF4 /* Sources */ = {
			isa = PBXSourcesBuildPhase;
			buildActionMask = 2147483647;
			files = (
				1BAF24E61D3FB44B003E970E /* detailsVC.swift in Sources */,
				1B0B9E021D3EDB6A00022227 /* pokemonCellVC.swift in Sources */,
				1B7D55B41D3EBF87002F2DF4 /* ViewController.swift in Sources */,
				1B0B9E091D3EE59400022227 /* CSV.swift in Sources */,
				1B7D55B21D3EBF87002F2DF4 /* AppDelegate.swift in Sources */,
				1B0B9E001D3ED35600022227 /* Pokemon.swift in Sources */,
				1B0B9E051D3EDE5D00022227 /* DataService.swift in Sources */,
			);
			runOnlyForDeploymentPostprocessing = 0;
		};
/* End PBXSourcesBuildPhase section */

/* Begin PBXVariantGroup section */
		1B7D55B51D3EBF87002F2DF4 /* Main.storyboard */ = {
			isa = PBXVariantGroup;
			children = (
				1B7D55B61D3EBF87002F2DF4 /* Base */,
			);
			name = Main.storyboard;
			sourceTree = "<group>";
		};
		1B7D55BA1D3EBF88002F2DF4 /* LaunchScreen.storyboard */ = {
			isa = PBXVariantGroup;
			children = (
				1B7D55BB1D3EBF88002F2DF4 /* Base */,
			);
			name = LaunchScreen.storyboard;
			sourceTree = "<group>";
		};
/* End PBXVariantGroup section */

/* Begin XCBuildConfiguration section */
		1B7D55BE1D3EBF88002F2DF4 /* Debug */ = {
			isa = XCBuildConfiguration;
			buildSettings = {
				ALWAYS_SEARCH_USER_PATHS = NO;
				CLANG_ANALYZER_NONNULL = YES;
				CLANG_CXX_LANGUAGE_STANDARD = "gnu++0x";
				CLANG_CXX_LIBRARY = "libc++";
				CLANG_ENABLE_MODULES = YES;
				CLANG_ENABLE_OBJC_ARC = YES;
				CLANG_WARN_BOOL_CONVERSION = YES;
				CLANG_WARN_CONSTANT_CONVERSION = YES;
				CLANG_WARN_DIRECT_OBJC_ISA_USAGE = YES_ERROR;
				CLANG_WARN_DOCUMENTATION_COMMENTS = YES;
				CLANG_WARN_EMPTY_BODY = YES;
				CLANG_WARN_ENUM_CONVERSION = YES;
				CLANG_WARN_INT_CONVERSION = YES;
				CLANG_WARN_OBJC_ROOT_CLASS = YES_ERROR;
				CLANG_WARN_UNREACHABLE_CODE = YES;
				CLANG_WARN__DUPLICATE_METHOD_MATCH = YES;
				"CODE_SIGN_IDENTITY[sdk=iphoneos*]" = "iPhone Developer";
				COPY_PHASE_STRIP = NO;
				DEBUG_INFORMATION_FORMAT = dwarf;
				ENABLE_STRICT_OBJC_MSGSEND = YES;
				ENABLE_TESTABILITY = YES;
				GCC_C_LANGUAGE_STANDARD = gnu99;
				GCC_DYNAMIC_NO_PIC = NO;
				GCC_NO_COMMON_BLOCKS = YES;
				GCC_OPTIMIZATION_LEVEL = 0;
				GCC_PREPROCESSOR_DEFINITIONS = (
					"DEBUG=1",
					"$(inherited)",
				);
				GCC_WARN_64_TO_32_BIT_CONVERSION = YES;
				GCC_WARN_ABOUT_RETURN_TYPE = YES_ERROR;
				GCC_WARN_UNDECLARED_SELECTOR = YES;
				GCC_WARN_UNINITIALIZED_AUTOS = YES_AGGRESSIVE;
				GCC_WARN_UNUSED_FUNCTION = YES;
				GCC_WARN_UNUSED_VARIABLE = YES;
				IPHONEOS_DEPLOYMENT_TARGET = 10.0;
				MTL_ENABLE_DEBUG_INFO = YES;
				ONLY_ACTIVE_ARCH = YES;
				SDKROOT = iphoneos;
				SWIFT_ACTIVE_COMPILATION_CONDITIONS = DEBUG;
				SWIFT_OPTIMIZATION_LEVEL = "-Onone";
				TARGETED_DEVICE_FAMILY = "1,2";
			};
			name = Debug;
		};
		1B7D55BF1D3EBF88002F2DF4 /* Release */ = {
			isa = XCBuildConfiguration;
			buildSettings = {
				ALWAYS_SEARCH_USER_PATHS = NO;
				CLANG_ANALYZER_NONNULL = YES;
				CLANG_CXX_LANGUAGE_STANDARD = "gnu++0x";
				CLANG_CXX_LIBRARY = "libc++";
				CLANG_ENABLE_MODULES = YES;
				CLANG_ENABLE_OBJC_ARC = YES;
				CLANG_WARN_BOOL_CONVERSION = YES;
				CLANG_WARN_CONSTANT_CONVERSION = YES;
				CLANG_WARN_DIRECT_OBJC_ISA_USAGE = YES_ERROR;
				CLANG_WARN_DOCUMENTATION_COMMENTS = YES;
				CLANG_WARN_EMPTY_BODY = YES;
				CLANG_WARN_ENUM_CONVERSION = YES;
				CLANG_WARN_INT_CONVERSION = YES;
				CLANG_WARN_OBJC_ROOT_CLASS = YES_ERROR;
				CLANG_WARN_UNREACHABLE_CODE = YES;
				CLANG_WARN__DUPLICATE_METHOD_MATCH = YES;
				"CODE_SIGN_IDENTITY[sdk=iphoneos*]" = "iPhone Developer";
				COPY_PHASE_STRIP = NO;
				DEBUG_INFORMATION_FORMAT = "dwarf-with-dsym";
				ENABLE_NS_ASSERTIONS = NO;
				ENABLE_STRICT_OBJC_MSGSEND = YES;
				GCC_C_LANGUAGE_STANDARD = gnu99;
				GCC_NO_COMMON_BLOCKS = YES;
				GCC_WARN_64_TO_32_BIT_CONVERSION = YES;
				GCC_WARN_ABOUT_RETURN_TYPE = YES_ERROR;
				GCC_WARN_UNDECLARED_SELECTOR = YES;
				GCC_WARN_UNINITIALIZED_AUTOS = YES_AGGRESSIVE;
				GCC_WARN_UNUSED_FUNCTION = YES;
				GCC_WARN_UNUSED_VARIABLE = YES;
				IPHONEOS_DEPLOYMENT_TARGET = 10.0;
				MTL_ENABLE_DEBUG_INFO = NO;
				SDKROOT = iphoneos;
				SWIFT_OPTIMIZATION_LEVEL = "-Owholemodule";
				TARGETED_DEVICE_FAMILY = "1,2";
				VALIDATE_PRODUCT = YES;
			};
			name = Release;
		};
		1B7D55C11D3EBF88002F2DF4 /* Debug */ = {
			isa = XCBuildConfiguration;
			buildSettings = {
				ASSETCATALOG_COMPILER_APPICON_NAME = AppIcon;
				ASSETCATALOG_COMPILER_LAUNCHIMAGE_NAME = LaunchImage;
				INFOPLIST_FILE = pokemania/Info.plist;
				IPHONEOS_DEPLOYMENT_TARGET = 9.0;
				LD_RUNPATH_SEARCH_PATHS = "$(inherited) @executable_path/Frameworks";
				PRODUCT_BUNDLE_IDENTIFIER = ps.softpixel.pokemania;
				PRODUCT_NAME = "$(TARGET_NAME)";
				SWIFT_VERSION = 3.0;
			};
			name = Debug;
		};
		1B7D55C21D3EBF88002F2DF4 /* Release */ = {
			isa = XCBuildConfiguration;
			buildSettings = {
				ASSETCATALOG_COMPILER_APPICON_NAME = AppIcon;
				ASSETCATALOG_COMPILER_LAUNCHIMAGE_NAME = LaunchImage;
				INFOPLIST_FILE = pokemania/Info.plist;
				IPHONEOS_DEPLOYMENT_TARGET = 9.0;
				LD_RUNPATH_SEARCH_PATHS = "$(inherited) @executable_path/Frameworks";
				PRODUCT_BUNDLE_IDENTIFIER = ps.softpixel.pokemania;
				PRODUCT_NAME = "$(TARGET_NAME)";
				SWIFT_VERSION = 3.0;
			};
			name = Release;
		};
/* End XCBuildConfiguration section */

/* Begin XCConfigurationList section */
		1B7D55A91D3EBF85002F2DF4 /* Build configuration list for PBXProject "pokemania" */ = {
			isa = XCConfigurationList;
			buildConfigurations = (
				1B7D55BE1D3EBF88002F2DF4 /* Debug */,
				1B7D55BF1D3EBF88002F2DF4 /* Release */,
			);
			defaultConfigurationIsVisible = 0;
			defaultConfigurationName = Release;
		};
		1B7D55C01D3EBF88002F2DF4 /* Build configuration list for PBXNativeTarget "pokemania" */ = {
			isa = XCConfigurationList;
			buildConfigurations = (
				1B7D55C11D3EBF88002F2DF4 /* Debug */,
				1B7D55C21D3EBF88002F2DF4 /* Release */,
			);
			defaultConfigurationIsVisible = 0;
			defaultConfigurationName = Release;
		};
/* End XCConfigurationList section */
	};
	rootObject = 1B7D55A61D3EBF85002F2DF4 /* Project object */;
}
